
Microsoft Visual Studio Solution File, Format Version 12.00
# Visual Studio 15
VisualStudioVersion = 15.0.28307.705
MinimumVisualStudioVersion = 10.0.40219.1
Project("{FAE04EC0-301F-11D3-BF4B-00C04F79EFBC}") = "NetworkGUI", "NetworkGUI.csproj", "{4DD1F309-F86D-46D2-8539-6739ADE99E94}"
EndProject
Project("{FAE04EC0-301F-11D3-BF4B-00C04F79EFBC}") = "GlobalRandom", "..\..\..\source\repos\GlobalRandom\GlobalRandom\GlobalRandom.csproj", "{7C8F573E-88A9-4DE6-BF6C-E9FC4A07E6D3}"
EndProject
Global
	GlobalSection(SolutionConfigurationPlatforms) = preSolution
		Debug|Any CPU = Debug|Any CPU
		Release|Any CPU = Release|Any CPU
	EndGlobalSection
	GlobalSection(ProjectConfigurationPlatforms) = postSolution
		{4DD1F309-F86D-46D2-8539-6739ADE99E94}.Debug|Any CPU.ActiveCfg = Debug|Any CPU
		{4DD1F309-F86D-46D2-8539-6739ADE99E94}.Debug|Any CPU.Build.0 = Debug|Any CPU
		{4DD1F309-F86D-46D2-8539-6739ADE99E94}.Release|Any CPU.ActiveCfg = Release|Any CPU
		{4DD1F309-F86D-46D2-8539-6739ADE99E94}.Release|Any CPU.Build.0 = Release|Any CPU
		{7C8F573E-88A9-4DE6-BF6C-E9FC4A07E6D3}.Debug|Any CPU.ActiveCfg = Debug|Any CPU
		{7C8F573E-88A9-4DE6-BF6C-E9FC4A07E6D3}.Debug|Any CPU.Build.0 = Debug|Any CPU
		{7C8F573E-88A9-4DE6-BF6C-E9FC4A07E6D3}.Release|Any CPU.ActiveCfg = Release|Any CPU
		{7C8F573E-88A9-4DE6-BF6C-E9FC4A07E6D3}.Release|Any CPU.Build.0 = Release|Any CPU
	EndGlobalSection
	GlobalSection(SolutionProperties) = preSolution
		HideSolutionNode = FALSE
	EndGlobalSection
	GlobalSection(ExtensibilityGlobals) = postSolution
		SolutionGuid = {C23E17AB-6524-4F7A-B78C-E2ECF7E10AB2}
	EndGlobalSection
EndGlobal
